
Microsoft Visual Studio Solution File, Format Version 12.00
# Visual Studio Version 16
VisualStudioVersion = 16.0.29411.108
MinimumVisualStudioVersion = 10.0.40219.1
Project("{FAE04EC0-301F-11D3-BF4B-00C04F79EFBC}") = "Vending_Machine", "Vending_Machine\Vending_Machine.csproj", "{C50350EC-A0C4-48A2-97E0-5932E9EEBEEA}"
EndProject
Project("{FAE04EC0-301F-11D3-BF4B-00C04F79EFBC}") = "XUnitTest_Vending_Machine", "XUnitTest_Vending_Machine\XUnitTest_Vending_Machine.csproj", "{59EADBCA-BAA0-4EE3-A414-7F7DFC22DABB}"
EndProject
Global
	GlobalSection(SolutionConfigurationPlatforms) = preSolution
		Debug|Any CPU = Debug|Any CPU
		Release|Any CPU = Release|Any CPU
	EndGlobalSection
	GlobalSection(ProjectConfigurationPlatforms) = postSolution
		{C50350EC-A0C4-48A2-97E0-5932E9EEBEEA}.Debug|Any CPU.ActiveCfg = Debug|Any CPU
		{C50350EC-A0C4-48A2-97E0-5932E9EEBEEA}.Debug|Any CPU.Build.0 = Debug|Any CPU
		{C50350EC-A0C4-48A2-97E0-5932E9EEBEEA}.Release|Any CPU.ActiveCfg = Release|Any CPU
		{C50350EC-A0C4-48A2-97E0-5932E9EEBEEA}.Release|Any CPU.Build.0 = Release|Any CPU
		{59EADBCA-BAA0-4EE3-A414-7F7DFC22DABB}.Debug|Any CPU.ActiveCfg = Debug|Any CPU
		{59EADBCA-BAA0-4EE3-A414-7F7DFC22DABB}.Debug|Any CPU.Build.0 = Debug|Any CPU
		{59EADBCA-BAA0-4EE3-A414-7F7DFC22DABB}.Release|Any CPU.ActiveCfg = Release|Any CPU
		{59EADBCA-BAA0-4EE3-A414-7F7DFC22DABB}.Release|Any CPU.Build.0 = Release|Any CPU
	EndGlobalSection
	GlobalSection(SolutionProperties) = preSolution
		HideSolutionNode = FALSE
	EndGlobalSection
	GlobalSection(ExtensibilityGlobals) = postSolution
		SolutionGuid = {44CDC812-614F-4EA9-8712-0514735D4956}
	EndGlobalSection
EndGlobal
